// !$*UTF8*$!
{
	archiveVersion = 1;
	classes = {
	};
	objectVersion = 50;
	objects = {

/* Begin PBXBuildFile section */
		04CD50012354A93C00D58FB8 /* AppDelegate.swift in Sources */ = {isa = PBXBuildFile; fileRef = 04CD50002354A93C00D58FB8 /* AppDelegate.swift */; };
		04CD50032354A93C00D58FB8 /* SceneDelegate.swift in Sources */ = {isa = PBXBuildFile; fileRef = 04CD50022354A93C00D58FB8 /* SceneDelegate.swift */; };
		04CD50052354A93C00D58FB8 /* ViewController.swift in Sources */ = {isa = PBXBuildFile; fileRef = 04CD50042354A93C00D58FB8 /* ViewController.swift */; };
		04CD50082354A93C00D58FB8 /* Main.storyboard in Resources */ = {isa = PBXBuildFile; fileRef = 04CD50062354A93C00D58FB8 /* Main.storyboard */; };
		04CD500A2354A93D00D58FB8 /* Assets.xcassets in Resources */ = {isa = PBXBuildFile; fileRef = 04CD50092354A93D00D58FB8 /* Assets.xcassets */; };
		04CD500D2354A93D00D58FB8 /* LaunchScreen.storyboard in Resources */ = {isa = PBXBuildFile; fileRef = 04CD500B2354A93D00D58FB8 /* LaunchScreen.storyboard */; };
		04CD50182354A93D00D58FB8 /* Bai1Tests.swift in Sources */ = {isa = PBXBuildFile; fileRef = 04CD50172354A93D00D58FB8 /* Bai1Tests.swift */; };
		04CD50232354A93D00D58FB8 /* Bai1UITests.swift in Sources */ = {isa = PBXBuildFile; fileRef = 04CD50222354A93D00D58FB8 /* Bai1UITests.swift */; };
/* End PBXBuildFile section */

/* Begin PBXContainerItemProxy section */
		04CD50142354A93D00D58FB8 /* PBXContainerItemProxy */ = {
			isa = PBXContainerItemProxy;
			containerPortal = 04CD4FF52354A93C00D58FB8 /* Project object */;
			proxyType = 1;
			remoteGlobalIDString = 04CD4FFC2354A93C00D58FB8;
			remoteInfo = Bai1;
		};
		04CD501F2354A93D00D58FB8 /* PBXContainerItemProxy */ = {
			isa = PBXContainerItemProxy;
			containerPortal = 04CD4FF52354A93C00D58FB8 /* Project object */;
			proxyType = 1;
			remoteGlobalIDString = 04CD4FFC2354A93C00D58FB8;
			remoteInfo = Bai1;
		};
/* End PBXContainerItemProxy section */

/* Begin PBXFileReference section */
		04CD4FFD2354A93C00D58FB8 /* Bai1.app */ = {isa = PBXFileReference; explicitFileType = wrapper.application; includeInIndex = 0; path = Bai1.app; sourceTree = BUILT_PRODUCTS_DIR; };
		04CD50002354A93C00D58FB8 /* AppDelegate.swift */ = {isa = PBXFileReference; lastKnownFileType = sourcecode.swift; path = AppDelegate.swift; sourceTree = "<group>"; };
		04CD50022354A93C00D58FB8 /* SceneDelegate.swift */ = {isa = PBXFileReference; lastKnownFileType = sourcecode.swift; path = SceneDelegate.swift; sourceTree = "<group>"; };
		04CD50042354A93C00D58FB8 /* ViewController.swift */ = {isa = PBXFileReference; lastKnownFileType = sourcecode.swift; path = ViewController.swift; sourceTree = "<group>"; };
		04CD50072354A93C00D58FB8 /* Base */ = {isa = PBXFileReference; lastKnownFileType = file.storyboard; name = Base; path = Base.lproj/Main.storyboard; sourceTree = "<group>"; };
		04CD50092354A93D00D58FB8 /* Assets.xcassets */ = {isa = PBXFileReference; lastKnownFileType = folder.assetcatalog; path = Assets.xcassets; sourceTree = "<group>"; };
		04CD500C2354A93D00D58FB8 /* Base */ = {isa = PBXFileReference; lastKnownFileType = file.storyboard; name = Base; path = Base.lproj/LaunchScreen.storyboard; sourceTree = "<group>"; };
		04CD500E2354A93D00D58FB8 /* Info.plist */ = {isa = PBXFileReference; lastKnownFileType = text.plist.xml; path = Info.plist; sourceTree = "<group>"; };
		04CD50132354A93D00D58FB8 /* Bai1Tests.xctest */ = {isa = PBXFileReference; explicitFileType = wrapper.cfbundle; includeInIndex = 0; path = Bai1Tests.xctest; sourceTree = BUILT_PRODUCTS_DIR; };
		04CD50172354A93D00D58FB8 /* Bai1Tests.swift */ = {isa = PBXFileReference; lastKnownFileType = sourcecode.swift; path = Bai1Tests.swift; sourceTree = "<group>"; };
		04CD50192354A93D00D58FB8 /* Info.plist */ = {isa = PBXFileReference; lastKnownFileType = text.plist.xml; path = Info.plist; sourceTree = "<group>"; };
		04CD501E2354A93D00D58FB8 /* Bai1UITests.xctest */ = {isa = PBXFileReference; explicitFileType = wrapper.cfbundle; includeInIndex = 0; path = Bai1UITests.xctest; sourceTree = BUILT_PRODUCTS_DIR; };
		04CD50222354A93D00D58FB8 /* Bai1UITests.swift */ = {isa = PBXFileReference; lastKnownFileType = sourcecode.swift; path = Bai1UITests.swift; sourceTree = "<group>"; };
		04CD50242354A93D00D58FB8 /* Info.plist */ = {isa = PBXFileReference; lastKnownFileType = text.plist.xml; path = Info.plist; sourceTree = "<group>"; };
/* End PBXFileReference section */

/* Begin PBXFrameworksBuildPhase section */
		04CD4FFA2354A93C00D58FB8 /* Frameworks */ = {
			isa = PBXFrameworksBuildPhase;
			buildActionMask = 2147483647;
			files = (
			);
			runOnlyForDeploymentPostprocessing = 0;
		};
		04CD50102354A93D00D58FB8 /* Frameworks */ = {
			isa = PBXFrameworksBuildPhase;
			buildActionMask = 2147483647;
			files = (
			);
			runOnlyForDeploymentPostprocessing = 0;
		};
		04CD501B2354A93D00D58FB8 /* Frameworks */ = {
			isa = PBXFrameworksBuildPhase;
			buildActionMask = 2147483647;
			files = (
			);
			runOnlyForDeploymentPostprocessing = 0;
		};
/* End PBXFrameworksBuildPhase section */

/* Begin PBXGroup section */
		04CD4FF42354A93C00D58FB8 = {
			isa = PBXGroup;
			children = (
				04CD4FFF2354A93C00D58FB8 /* Bai1 */,
				04CD50162354A93D00D58FB8 /* Bai1Tests */,
				04CD50212354A93D00D58FB8 /* Bai1UITests */,
				04CD4FFE2354A93C00D58FB8 /* Products */,
			);
			sourceTree = "<group>";
		};
		04CD4FFE2354A93C00D58FB8 /* Products */ = {
			isa = PBXGroup;
			children = (
				04CD4FFD2354A93C00D58FB8 /* Bai1.app */,
				04CD50132354A93D00D58FB8 /* Bai1Tests.xctest */,
				04CD501E2354A93D00D58FB8 /* Bai1UITests.xctest */,
			);
			name = Products;
			sourceTree = "<group>";
		};
		04CD4FFF2354A93C00D58FB8 /* Bai1 */ = {
			isa = PBXGroup;
			children = (
				04CD50002354A93C00D58FB8 /* AppDelegate.swift */,
				04CD50022354A93C00D58FB8 /* SceneDelegate.swift */,
				04CD50042354A93C00D58FB8 /* ViewController.swift */,
				04CD50062354A93C00D58FB8 /* Main.storyboard */,
				04CD50092354A93D00D58FB8 /* Assets.xcassets */,
				04CD500B2354A93D00D58FB8 /* LaunchScreen.storyboard */,
				04CD500E2354A93D00D58FB8 /* Info.plist */,
			);
			path = Bai1;
			sourceTree = "<group>";
		};
		04CD50162354A93D00D58FB8 /* Bai1Tests */ = {
			isa = PBXGroup;
			children = (
				04CD50172354A93D00D58FB8 /* Bai1Tests.swift */,
				04CD50192354A93D00D58FB8 /* Info.plist */,
			);
			path = Bai1Tests;
			sourceTree = "<group>";
		};
		04CD50212354A93D00D58FB8 /* Bai1UITests */ = {
			isa = PBXGroup;
			children = (
				04CD50222354A93D00D58FB8 /* Bai1UITests.swift */,
				04CD50242354A93D00D58FB8 /* Info.plist */,
			);
			path = Bai1UITests;
			sourceTree = "<group>";
		};
/* End PBXGroup section */

/* Begin PBXNativeTarget section */
		04CD4FFC2354A93C00D58FB8 /* Bai1 */ = {
			isa = PBXNativeTarget;
			buildConfigurationList = 04CD50272354A93D00D58FB8 /* Build configuration list for PBXNativeTarget "Bai1" */;
			buildPhases = (
				04CD4FF92354A93C00D58FB8 /* Sources */,
				04CD4FFA2354A93C00D58FB8 /* Frameworks */,
				04CD4FFB2354A93C00D58FB8 /* Resources */,
			);
			buildRules = (
			);
			dependencies = (
			);
			name = Bai1;
			productName = Bai1;
			productReference = 04CD4FFD2354A93C00D58FB8 /* Bai1.app */;
			productType = "com.apple.product-type.application";
		};
		04CD50122354A93D00D58FB8 /* Bai1Tests */ = {
			isa = PBXNativeTarget;
			buildConfigurationList = 04CD502A2354A93D00D58FB8 /* Build configuration list for PBXNativeTarget "Bai1Tests" */;
			buildPhases = (
				04CD500F2354A93D00D58FB8 /* Sources */,
				04CD50102354A93D00D58FB8 /* Frameworks */,
				04CD50112354A93D00D58FB8 /* Resources */,
			);
			buildRules = (
			);
			dependencies = (
				04CD50152354A93D00D58FB8 /* PBXTargetDependency */,
			);
			name = Bai1Tests;
			productName = Bai1Tests;
			productReference = 04CD50132354A93D00D58FB8 /* Bai1Tests.xctest */;
			productType = "com.apple.product-type.bundle.unit-test";
		};
		04CD501D2354A93D00D58FB8 /* Bai1UITests */ = {
			isa = PBXNativeTarget;
			buildConfigurationList = 04CD502D2354A93D00D58FB8 /* Build configuration list for PBXNativeTarget "Bai1UITests" */;
			buildPhases = (
				04CD501A2354A93D00D58FB8 /* Sources */,
				04CD501B2354A93D00D58FB8 /* Frameworks */,
				04CD501C2354A93D00D58FB8 /* Resources */,
			);
			buildRules = (
			);
			dependencies = (
				04CD50202354A93D00D58FB8 /* PBXTargetDependency */,
			);
			name = Bai1UITests;
			productName = Bai1UITests;
			productReference = 04CD501E2354A93D00D58FB8 /* Bai1UITests.xctest */;
			productType = "com.apple.product-type.bundle.ui-testing";
		};
/* End PBXNativeTarget section */

/* Begin PBXProject section */
		04CD4FF52354A93C00D58FB8 /* Project object */ = {
			isa = PBXProject;
			attributes = {
				LastSwiftUpdateCheck = 1100;
				LastUpgradeCheck = 1100;
				ORGANIZATIONNAME = MacOne;
				TargetAttributes = {
					04CD4FFC2354A93C00D58FB8 = {
						CreatedOnToolsVersion = 11.0;
					};
					04CD50122354A93D00D58FB8 = {
						CreatedOnToolsVersion = 11.0;
						TestTargetID = 04CD4FFC2354A93C00D58FB8;
					};
					04CD501D2354A93D00D58FB8 = {
						CreatedOnToolsVersion = 11.0;
						TestTargetID = 04CD4FFC2354A93C00D58FB8;
					};
				};
			};
			buildConfigurationList = 04CD4FF82354A93C00D58FB8 /* Build configuration list for PBXProject "Bai1" */;
			compatibilityVersion = "Xcode 9.3";
			developmentRegion = en;
			hasScannedForEncodings = 0;
			knownRegions = (
				en,
				Base,
			);
			mainGroup = 04CD4FF42354A93C00D58FB8;
			productRefGroup = 04CD4FFE2354A93C00D58FB8 /* Products */;
			projectDirPath = "";
			projectRoot = "";
			targets = (
				04CD4FFC2354A93C00D58FB8 /* Bai1 */,
				04CD50122354A93D00D58FB8 /* Bai1Tests */,
				04CD501D2354A93D00D58FB8 /* Bai1UITests */,
			);
		};
/* End PBXProject section */

/* Begin PBXResourcesBuildPhase section */
		04CD4FFB2354A93C00D58FB8 /* Resources */ = {
			isa = PBXResourcesBuildPhase;
			buildActionMask = 2147483647;
			files = (
				04CD500D2354A93D00D58FB8 /* LaunchScreen.storyboard in Resources */,
				04CD500A2354A93D00D58FB8 /* Assets.xcassets in Resources */,
				04CD50082354A93C00D58FB8 /* Main.storyboard in Resources */,
			);
			runOnlyForDeploymentPostprocessing = 0;
		};
		04CD50112354A93D00D58FB8 /* Resources */ = {
			isa = PBXResourcesBuildPhase;
			buildActionMask = 2147483647;
			files = (
			);
			runOnlyForDeploymentPostprocessing = 0;
		};
		04CD501C2354A93D00D58FB8 /* Resources */ = {
			isa = PBXResourcesBuildPhase;
			buildActionMask = 2147483647;
			files = (
			);
			runOnlyForDeploymentPostprocessing = 0;
		};
/* End PBXResourcesBuildPhase section */

/* Begin PBXSourcesBuildPhase section */
		04CD4FF92354A93C00D58FB8 /* Sources */ = {
			isa = PBXSourcesBuildPhase;
			buildActionMask = 2147483647;
			files = (
				04CD50052354A93C00D58FB8 /* ViewController.swift in Sources */,
				04CD50012354A93C00D58FB8 /* AppDelegate.swift in Sources */,
				04CD50032354A93C00D58FB8 /* SceneDelegate.swift in Sources */,
			);
			runOnlyForDeploymentPostprocessing = 0;
		};
		04CD500F2354A93D00D58FB8 /* Sources */ = {
			isa = PBXSourcesBuildPhase;
			buildActionMask = 2147483647;
			files = (
				04CD50182354A93D00D58FB8 /* Bai1Tests.swift in Sources */,
			);
			runOnlyForDeploymentPostprocessing = 0;
		};
		04CD501A2354A93D00D58FB8 /* Sources */ = {
			isa = PBXSourcesBuildPhase;
			buildActionMask = 2147483647;
			files = (
				04CD50232354A93D00D58FB8 /* Bai1UITests.swift in Sources */,
			);
			runOnlyForDeploymentPostprocessing = 0;
		};
/* End PBXSourcesBuildPhase section */

/* Begin PBXTargetDependency section */
		04CD50152354A93D00D58FB8 /* PBXTargetDependency */ = {
			isa = PBXTargetDependency;
			target = 04CD4FFC2354A93C00D58FB8 /* Bai1 */;
			targetProxy = 04CD50142354A93D00D58FB8 /* PBXContainerItemProxy */;
		};
		04CD50202354A93D00D58FB8 /* PBXTargetDependency */ = {
			isa = PBXTargetDependency;
			target = 04CD4FFC2354A93C00D58FB8 /* Bai1 */;
			targetProxy = 04CD501F2354A93D00D58FB8 /* PBXContainerItemProxy */;
		};
/* End PBXTargetDependency section */

/* Begin PBXVariantGroup section */
		04CD50062354A93C00D58FB8 /* Main.storyboard */ = {
			isa = PBXVariantGroup;
			children = (
				04CD50072354A93C00D58FB8 /* Base */,
			);
			name = Main.storyboard;
			sourceTree = "<group>";
		};
		04CD500B2354A93D00D58FB8 /* LaunchScreen.storyboard */ = {
			isa = PBXVariantGroup;
			children = (
				04CD500C2354A93D00D58FB8 /* Base */,
			);
			name = LaunchScreen.storyboard;
			sourceTree = "<group>";
		};
/* End PBXVariantGroup section */

/* Begin XCBuildConfiguration section */
		04CD50252354A93D00D58FB8 /* Debug */ = {
			isa = XCBuildConfiguration;
			buildSettings = {
				ALWAYS_SEARCH_USER_PATHS = NO;
				CLANG_ANALYZER_NONNULL = YES;
				CLANG_ANALYZER_NUMBER_OBJECT_CONVERSION = YES_AGGRESSIVE;
				CLANG_CXX_LANGUAGE_STANDARD = "gnu++14";
				CLANG_CXX_LIBRARY = "libc++";
				CLANG_ENABLE_MODULES = YES;
				CLANG_ENABLE_OBJC_ARC = YES;
				CLANG_ENABLE_OBJC_WEAK = YES;
				CLANG_WARN_BLOCK_CAPTURE_AUTORELEASING = YES;
				CLANG_WARN_BOOL_CONVERSION = YES;
				CLANG_WARN_COMMA = YES;
				CLANG_WARN_CONSTANT_CONVERSION = YES;
				CLANG_WARN_DEPRECATED_OBJC_IMPLEMENTATIONS = YES;
				CLANG_WARN_DIRECT_OBJC_ISA_USAGE = YES_ERROR;
				CLANG_WARN_DOCUMENTATION_COMMENTS = YES;
				CLANG_WARN_EMPTY_BODY = YES;
				CLANG_WARN_ENUM_CONVERSION = YES;
				CLANG_WARN_INFINITE_RECURSION = YES;
				CLANG_WARN_INT_CONVERSION = YES;
				CLANG_WARN_NON_LITERAL_NULL_CONVERSION = YES;
				CLANG_WARN_OBJC_IMPLICIT_RETAIN_SELF = YES;
				CLANG_WARN_OBJC_LITERAL_CONVERSION = YES;
				CLANG_WARN_OBJC_ROOT_CLASS = YES_ERROR;
				CLANG_WARN_RANGE_LOOP_ANALYSIS = YES;
				CLANG_WARN_STRICT_PROTOTYPES = YES;
				CLANG_WARN_SUSPICIOUS_MOVE = YES;
				CLANG_WARN_UNGUARDED_AVAILABILITY = YES_AGGRESSIVE;
				CLANG_WARN_UNREACHABLE_CODE = YES;
				CLANG_WARN__DUPLICATE_METHOD_MATCH = YES;
				COPY_PHASE_STRIP = NO;
				DEBUG_INFORMATION_FORMAT = dwarf;
				ENABLE_STRICT_OBJC_MSGSEND = YES;
				ENABLE_TESTABILITY = YES;
				GCC_C_LANGUAGE_STANDARD = gnu11;
				GCC_DYNAMIC_NO_PIC = NO;
				GCC_NO_COMMON_BLOCKS = YES;
				GCC_OPTIMIZATION_LEVEL = 0;
				GCC_PREPROCESSOR_DEFINITIONS = (
					"DEBUG=1",
					"$(inherited)",
				);
				GCC_WARN_64_TO_32_BIT_CONVERSION = YES;
				GCC_WARN_ABOUT_RETURN_TYPE = YES_ERROR;
				GCC_WARN_UNDECLARED_SELECTOR = YES;
				GCC_WARN_UNINITIALIZED_AUTOS = YES_AGGRESSIVE;
				GCC_WARN_UNUSED_FUNCTION = YES;
				GCC_WARN_UNUSED_VARIABLE = YES;
				IPHONEOS_DEPLOYMENT_TARGET = 13.0;
				MTL_ENABLE_DEBUG_INFO = INCLUDE_SOURCE;
				MTL_FAST_MATH = YES;
				ONLY_ACTIVE_ARCH = YES;
				SDKROOT = iphoneos;
				SWIFT_ACTIVE_COMPILATION_CONDITIONS = DEBUG;
				SWIFT_OPTIMIZATION_LEVEL = "-Onone";
			};
			name = Debug;
		};
		04CD50262354A93D00D58FB8 /* Release */ = {
			isa = XCBuildConfiguration;
			buildSettings = {
				ALWAYS_SEARCH_USER_PATHS = NO;
				CLANG_ANALYZER_NONNULL = YES;
				CLANG_ANALYZER_NUMBER_OBJECT_CONVERSION = YES_AGGRESSIVE;
				CLANG_CXX_LANGUAGE_STANDARD = "gnu++14";
				CLANG_CXX_LIBRARY = "libc++";
				CLANG_ENABLE_MODULES = YES;
				CLANG_ENABLE_OBJC_ARC = YES;
				CLANG_ENABLE_OBJC_WEAK = YES;
				CLANG_WARN_BLOCK_CAPTURE_AUTORELEASING = YES;
				CLANG_WARN_BOOL_CONVERSION = YES;
				CLANG_WARN_COMMA = YES;
				CLANG_WARN_CONSTANT_CONVERSION = YES;
				CLANG_WARN_DEPRECATED_OBJC_IMPLEMENTATIONS = YES;
				CLANG_WARN_DIRECT_OBJC_ISA_USAGE = YES_ERROR;
				CLANG_WARN_DOCUMENTATION_COMMENTS = YES;
				CLANG_WARN_EMPTY_BODY = YES;
				CLANG_WARN_ENUM_CONVERSION = YES;
				CLANG_WARN_INFINITE_RECURSION = YES;
				CLANG_WARN_INT_CONVERSION = YES;
				CLANG_WARN_NON_LITERAL_NULL_CONVERSION = YES;
				CLANG_WARN_OBJC_IMPLICIT_RETAIN_SELF = YES;
				CLANG_WARN_OBJC_LITERAL_CONVERSION = YES;
				CLANG_WARN_OBJC_ROOT_CLASS = YES_ERROR;
				CLANG_WARN_RANGE_LOOP_ANALYSIS = YES;
				CLANG_WARN_STRICT_PROTOTYPES = YES;
				CLANG_WARN_SUSPICIOUS_MOVE = YES;
				CLANG_WARN_UNGUARDED_AVAILABILITY = YES_AGGRESSIVE;
				CLANG_WARN_UNREACHABLE_CODE = YES;
				CLANG_WARN__DUPLICATE_METHOD_MATCH = YES;
				COPY_PHASE_STRIP = NO;
				DEBUG_INFORMATION_FORMAT = "dwarf-with-dsym";
				ENABLE_NS_ASSERTIONS = NO;
				ENABLE_STRICT_OBJC_MSGSEND = YES;
				GCC_C_LANGUAGE_STANDARD = gnu11;
				GCC_NO_COMMON_BLOCKS = YES;
				GCC_WARN_64_TO_32_BIT_CONVERSION = YES;
				GCC_WARN_ABOUT_RETURN_TYPE = YES_ERROR;
				GCC_WARN_UNDECLARED_SELECTOR = YES;
				GCC_WARN_UNINITIALIZED_AUTOS = YES_AGGRESSIVE;
				GCC_WARN_UNUSED_FUNCTION = YES;
				GCC_WARN_UNUSED_VARIABLE = YES;
				IPHONEOS_DEPLOYMENT_TARGET = 13.0;
				MTL_ENABLE_DEBUG_INFO = NO;
				MTL_FAST_MATH = YES;
				SDKROOT = iphoneos;
				SWIFT_COMPILATION_MODE = wholemodule;
				SWIFT_OPTIMIZATION_LEVEL = "-O";
				VALIDATE_PRODUCT = YES;
			};
			name = Release;
		};
		04CD50282354A93D00D58FB8 /* Debug */ = {
			isa = XCBuildConfiguration;
			buildSettings = {
				ASSETCATALOG_COMPILER_APPICON_NAME = AppIcon;
				CODE_SIGN_STYLE = Automatic;
				INFOPLIST_FILE = Bai1/Info.plist;
				LD_RUNPATH_SEARCH_PATHS = (
					"$(inherited)",
					"@executable_path/Frameworks",
				);
				PRODUCT_BUNDLE_IDENTIFIER = "-23.Bai1";
				PRODUCT_NAME = "$(TARGET_NAME)";
				SWIFT_VERSION = 5.0;
				TARGETED_DEVICE_FAMILY = "1,2";
			};
			name = Debug;
		};
		04CD50292354A93D00D58FB8 /* Release */ = {
			isa = XCBuildConfiguration;
			buildSettings = {
				ASSETCATALOG_COMPILER_APPICON_NAME = AppIcon;
				CODE_SIGN_STYLE = Automatic;
				INFOPLIST_FILE = Bai1/Info.plist;
				LD_RUNPATH_SEARCH_PATHS = (
					"$(inherited)",
					"@executable_path/Frameworks",
				);
				PRODUCT_BUNDLE_IDENTIFIER = "-23.Bai1";
				PRODUCT_NAME = "$(TARGET_NAME)";
				SWIFT_VERSION = 5.0;
				TARGETED_DEVICE_FAMILY = "1,2";
			};
			name = Release;
		};
		04CD502B2354A93D00D58FB8 /* Debug */ = {
			isa = XCBuildConfiguration;
			buildSettings = {
				ALWAYS_EMBED_SWIFT_STANDARD_LIBRARIES = YES;
				BUNDLE_LOADER = "$(TEST_HOST)";
				CODE_SIGN_STYLE = Automatic;
				INFOPLIST_FILE = Bai1Tests/Info.plist;
				IPHONEOS_DEPLOYMENT_TARGET = 13.0;
				LD_RUNPATH_SEARCH_PATHS = (
					"$(inherited)",
					"@executable_path/Frameworks",
					"@loader_path/Frameworks",
				);
				PRODUCT_BUNDLE_IDENTIFIER = "-23.Bai1Tests";
				PRODUCT_NAME = "$(TARGET_NAME)";
				SWIFT_VERSION = 5.0;
				TARGETED_DEVICE_FAMILY = "1,2";
				TEST_HOST = "$(BUILT_PRODUCTS_DIR)/Bai1.app/Bai1";
			};
			name = Debug;
		};
		04CD502C2354A93D00D58FB8 /* Release */ = {
			isa = XCBuildConfiguration;
			buildSettings = {
				ALWAYS_EMBED_SWIFT_STANDARD_LIBRARIES = YES;
				BUNDLE_LOADER = "$(TEST_HOST)";
				CODE_SIGN_STYLE = Automatic;
				INFOPLIST_FILE = Bai1Tests/Info.plist;
				IPHONEOS_DEPLOYMENT_TARGET = 13.0;
				LD_RUNPATH_SEARCH_PATHS = (
					"$(inherited)",
					"@executable_path/Frameworks",
					"@loader_path/Frameworks",
				);
				PRODUCT_BUNDLE_IDENTIFIER = "-23.Bai1Tests";
				PRODUCT_NAME = "$(TARGET_NAME)";
				SWIFT_VERSION = 5.0;
				TARGETED_DEVICE_FAMILY = "1,2";
				TEST_HOST = "$(BUILT_PRODUCTS_DIR)/Bai1.app/Bai1";
			};
			name = Release;
		};
		04CD502E2354A93D00D58FB8 /* Debug */ = {
			isa = XCBuildConfiguration;
			buildSettings = {
				ALWAYS_EMBED_SWIFT_STANDARD_LIBRARIES = YES;
				CODE_SIGN_STYLE = Automatic;
				INFOPLIST_FILE = Bai1UITests/Info.plist;
				LD_RUNPATH_SEARCH_PATHS = (
					"$(inherited)",
					"@executable_path/Frameworks",
					"@loader_path/Frameworks",
				);
				PRODUCT_BUNDLE_IDENTIFIER = "-23.Bai1UITests";
				PRODUCT_NAME = "$(TARGET_NAME)";
				SWIFT_VERSION = 5.0;
				TARGETED_DEVICE_FAMILY = "1,2";
				TEST_TARGET_NAME = Bai1;
			};
			name = Debug;
		};
		04CD502F2354A93D00D58FB8 /* Release */ = {
			isa = XCBuildConfiguration;
			buildSettings = {
				ALWAYS_EMBED_SWIFT_STANDARD_LIBRARIES = YES;
				CODE_SIGN_STYLE = Automatic;
				INFOPLIST_FILE = Bai1UITests/Info.plist;
				LD_RUNPATH_SEARCH_PATHS = (
					"$(inherited)",
					"@executable_path/Frameworks",
					"@loader_path/Frameworks",
				);
				PRODUCT_BUNDLE_IDENTIFIER = "-23.Bai1UITests";
				PRODUCT_NAME = "$(TARGET_NAME)";
				SWIFT_VERSION = 5.0;
				TARGETED_DEVICE_FAMILY = "1,2";
				TEST_TARGET_NAME = Bai1;
			};
			name = Release;
		};
/* End XCBuildConfiguration section */

/* Begin XCConfigurationList section */
		04CD4FF82354A93C00D58FB8 /* Build configuration list for PBXProject "Bai1" */ = {
			isa = XCConfigurationList;
			buildConfigurations = (
				04CD50252354A93D00D58FB8 /* Debug */,
				04CD50262354A93D00D58FB8 /* Release */,
			);
			defaultConfigurationIsVisible = 0;
			defaultConfigurationName = Release;
		};
		04CD50272354A93D00D58FB8 /* Build configuration list for PBXNativeTarget "Bai1" */ = {
			isa = XCConfigurationList;
			buildConfigurations = (
				04CD50282354A93D00D58FB8 /* Debug */,
				04CD50292354A93D00D58FB8 /* Release */,
			);
			defaultConfigurationIsVisible = 0;
			defaultConfigurationName = Release;
		};
		04CD502A2354A93D00D58FB8 /* Build configuration list for PBXNativeTarget "Bai1Tests" */ = {
			isa = XCConfigurationList;
			buildConfigurations = (
				04CD502B2354A93D00D58FB8 /* Debug */,
				04CD502C2354A93D00D58FB8 /* Release */,
			);
			defaultConfigurationIsVisible = 0;
			defaultConfigurationName = Release;
		};
		04CD502D2354A93D00D58FB8 /* Build configuration list for PBXNativeTarget "Bai1UITests" */ = {
			isa = XCConfigurationList;
			buildConfigurations = (
				04CD502E2354A93D00D58FB8 /* Debug */,
				04CD502F2354A93D00D58FB8 /* Release */,
			);
			defaultConfigurationIsVisible = 0;
			defaultConfigurationName = Release;
		};
/* End XCConfigurationList section */
	};
	rootObject = 04CD4FF52354A93C00D58FB8 /* Project object */;
}
